
Microsoft Visual Studio Solution File, Format Version 12.00
# Visual Studio Version 17
VisualStudioVersion = 17.11.35327.3
MinimumVisualStudioVersion = 10.0.40219.1
Project("{00D1A9C2-B5F0-4AF3-8072-F6C62B433612}") = "ZaawansowaneBazyDanych", "ZaawansowaneBazyDanych\ZaawansowaneBazyDanych.sqlproj", "{DAB4DA4B-AE50-445D-A815-1137FD1BC78B}"
EndProject
Global
	GlobalSection(SolutionConfigurationPlatforms) = preSolution
		Debug|Any CPU = Debug|Any CPU
		Release|Any CPU = Release|Any CPU
	EndGlobalSection
	GlobalSection(ProjectConfigurationPlatforms) = postSolution
		{DAB4DA4B-AE50-445D-A815-1137FD1BC78B}.Debug|Any CPU.ActiveCfg = Debug|Any CPU
		{DAB4DA4B-AE50-445D-A815-1137FD1BC78B}.Debug|Any CPU.Build.0 = Debug|Any CPU
		{DAB4DA4B-AE50-445D-A815-1137FD1BC78B}.Debug|Any CPU.Deploy.0 = Debug|Any CPU
		{DAB4DA4B-AE50-445D-A815-1137FD1BC78B}.Release|Any CPU.ActiveCfg = Release|Any CPU
		{DAB4DA4B-AE50-445D-A815-1137FD1BC78B}.Release|Any CPU.Build.0 = Release|Any CPU
		{DAB4DA4B-AE50-445D-A815-1137FD1BC78B}.Release|Any CPU.Deploy.0 = Release|Any CPU
	EndGlobalSection
	GlobalSection(SolutionProperties) = preSolution
		HideSolutionNode = FALSE
	EndGlobalSection
	GlobalSection(ExtensibilityGlobals) = postSolution
		SolutionGuid = {707DF75A-82B9-418E-A15A-FB2F25CD88D1}
	EndGlobalSection
EndGlobal
